
Microsoft Visual Studio Solution File, Format Version 12.00
# Visual Studio Version 16
VisualStudioVersion = 16.0.30621.155
MinimumVisualStudioVersion = 10.0.40219.1
Project("{FAE04EC0-301F-11D3-BF4B-00C04F79EFBC}") = "Commercial", "Commercial\Commercial.csproj", "{6840F973-722C-40AB-A176-C40D3261D5A4}"
EndProject
Project("{FAE04EC0-301F-11D3-BF4B-00C04F79EFBC}") = "Repository", "Repository\Repository.csproj", "{6C3DB546-8CE8-4E1B-9010-74BFB310775C}"
EndProject
Global
	GlobalSection(SolutionConfigurationPlatforms) = preSolution
		Debug|Any CPU = Debug|Any CPU
		Release|Any CPU = Release|Any CPU
	EndGlobalSection
	GlobalSection(ProjectConfigurationPlatforms) = postSolution
		{6840F973-722C-40AB-A176-C40D3261D5A4}.Debug|Any CPU.ActiveCfg = Debug|Any CPU
		{6840F973-722C-40AB-A176-C40D3261D5A4}.Debug|Any CPU.Build.0 = Debug|Any CPU
		{6840F973-722C-40AB-A176-C40D3261D5A4}.Release|Any CPU.ActiveCfg = Release|Any CPU
		{6840F973-722C-40AB-A176-C40D3261D5A4}.Release|Any CPU.Build.0 = Release|Any CPU
		{6C3DB546-8CE8-4E1B-9010-74BFB310775C}.Debug|Any CPU.ActiveCfg = Debug|Any CPU
		{6C3DB546-8CE8-4E1B-9010-74BFB310775C}.Debug|Any CPU.Build.0 = Debug|Any CPU
		{6C3DB546-8CE8-4E1B-9010-74BFB310775C}.Release|Any CPU.ActiveCfg = Release|Any CPU
		{6C3DB546-8CE8-4E1B-9010-74BFB310775C}.Release|Any CPU.Build.0 = Release|Any CPU
	EndGlobalSection
	GlobalSection(SolutionProperties) = preSolution
		HideSolutionNode = FALSE
	EndGlobalSection
	GlobalSection(ExtensibilityGlobals) = postSolution
		SolutionGuid = {07CF297C-C3A5-45B4-9022-11CF26362B0F}
	EndGlobalSection
EndGlobal
